
Microsoft Visual Studio Solution File, Format Version 12.00
# Visual Studio Version 17
VisualStudioVersion = 17.0.31919.166
MinimumVisualStudioVersion = 10.0.40219.1
Project("{9A19103F-16F7-4668-BE54-9A1E7A4F7556}") = "ComponentsLibrary", "ComponentsLibrary\ComponentsLibrary.csproj", "{1D8B3BA2-6B6F-43E9-B846-48A60CE36A84}"
EndProject
Project("{9A19103F-16F7-4668-BE54-9A1E7A4F7556}") = "Login", "Login\Login.csproj", "{92A35E3D-F0A6-4590-A157-778A38A4E5D8}"
EndProject
Global
	GlobalSection(SolutionConfigurationPlatforms) = preSolution
		Debug|Any CPU = Debug|Any CPU
		Release|Any CPU = Release|Any CPU
	EndGlobalSection
	GlobalSection(ProjectConfigurationPlatforms) = postSolution
		{1D8B3BA2-6B6F-43E9-B846-48A60CE36A84}.Debug|Any CPU.ActiveCfg = Debug|Any CPU
		{1D8B3BA2-6B6F-43E9-B846-48A60CE36A84}.Debug|Any CPU.Build.0 = Debug|Any CPU
		{1D8B3BA2-6B6F-43E9-B846-48A60CE36A84}.Release|Any CPU.ActiveCfg = Release|Any CPU
		{1D8B3BA2-6B6F-43E9-B846-48A60CE36A84}.Release|Any CPU.Build.0 = Release|Any CPU
		{92A35E3D-F0A6-4590-A157-778A38A4E5D8}.Debug|Any CPU.ActiveCfg = Debug|Any CPU
		{92A35E3D-F0A6-4590-A157-778A38A4E5D8}.Debug|Any CPU.Build.0 = Debug|Any CPU
		{92A35E3D-F0A6-4590-A157-778A38A4E5D8}.Release|Any CPU.ActiveCfg = Release|Any CPU
		{92A35E3D-F0A6-4590-A157-778A38A4E5D8}.Release|Any CPU.Build.0 = Release|Any CPU
	EndGlobalSection
	GlobalSection(SolutionProperties) = preSolution
		HideSolutionNode = FALSE
	EndGlobalSection
	GlobalSection(ExtensibilityGlobals) = postSolution
		SolutionGuid = {2440A2BB-6842-436E-932C-BA34EA82AA09}
	EndGlobalSection
EndGlobal
